// !$*UTF8*$!
{
	archiveVersion = 1;
	classes = {
	};
	objectVersion = 42;
	objects = {

/* Begin PBXFileReference section */
		67CC922E1029332E000657AB /* abstractdata.h */ = {isa = PBXFileReference; fileEncoding = 4; lastKnownFileType = sourcecode.c.h; path = abstractdata.h; sourceTree = "<group>"; };
		67CC922F1029332E000657AB /* address.cpp */ = {isa = PBXFileReference; fileEncoding = 4; lastKnownFileType = sourcecode.cpp.cpp; path = address.cpp; sourceTree = "<group>"; };
		67CC92301029332E000657AB /* address.h */ = {isa = PBXFileReference; fileEncoding = 4; lastKnownFileType = sourcecode.c.h; path = address.h; sourceTree = "<group>"; };
		67CC92311029332E000657AB /* app.s */ = {isa = PBXFileReference; fileEncoding = 4; lastKnownFileType = sourcecode.asm; path = app.s; sourceTree = "<group>"; };
		67CC92321029332E000657AB /* app_main.cpp */ = {isa = PBXFileReference; fileEncoding = 4; lastKnownFileType = sourcecode.cpp.cpp; path = app_main.cpp; sourceTree = "<group>"; };
		67CC92331029332E000657AB /* app_main.h */ = {isa = PBXFileReference; fileEncoding = 4; lastKnownFileType = sourcecode.c.h; path = app_main.h; sourceTree = "<group>"; };
		67CC92361029332E000657AB /* arm.h */ = {isa = PBXFileReference; fileEncoding = 4; lastKnownFileType = sourcecode.c.h; path = arm.h; sourceTree = "<group>"; };
		67CC92371029332E000657AB /* arm_arch.cpp */ = {isa = PBXFileReference; fileEncoding = 4; lastKnownFileType = sourcecode.cpp.cpp; path = arm_arch.cpp; sourceTree = "<group>"; };
		67CC92381029332E000657AB /* arm_instruction.cpp */ = {isa = PBXFileReference; fileEncoding = 4; lastKnownFileType = sourcecode.cpp.cpp; path = arm_instruction.cpp; sourceTree = "<group>"; };
		67CC92391029332E000657AB /* arm_instruction.h */ = {isa = PBXFileReference; fileEncoding = 4; lastKnownFileType = sourcecode.c.h; path = arm_instruction.h; sourceTree = "<group>"; };
		67CC923A1029332E000657AB /* dec_op.cpp */ = {isa = PBXFileReference; fileEncoding = 4; lastKnownFileType = sourcecode.cpp.cpp; path = dec_op.cpp; sourceTree = "<group>"; };
		67CC923B1029332E000657AB /* disasm.cpp */ = {isa = PBXFileReference; fileEncoding = 4; lastKnownFileType = sourcecode.cpp.cpp; path = disasm.cpp; sourceTree = "<group>"; };
		67CC923C1029332E000657AB /* module.mk */ = {isa = PBXFileReference; fileEncoding = 4; lastKnownFileType = text; path = module.mk; sourceTree = "<group>"; };
		67CC923D1029332E000657AB /* architecture.h */ = {isa = PBXFileReference; fileEncoding = 4; lastKnownFileType = sourcecode.c.h; path = architecture.h; sourceTree = "<group>"; };
		67CC923E1029332E000657AB /* binaryconstant.cpp */ = {isa = PBXFileReference; fileEncoding = 4; lastKnownFileType = sourcecode.cpp.cpp; path = binaryconstant.cpp; sourceTree = "<group>"; };
		67CC923F1029332E000657AB /* binaryconstant.h */ = {isa = PBXFileReference; fileEncoding = 4; lastKnownFileType = sourcecode.c.h; path = binaryconstant.h; sourceTree = "<group>"; };
		67CC92411029332E000657AB /* address.d */ = {isa = PBXFileReference; fileEncoding = 4; lastKnownFileType = sourcecode.dtrace; path = address.d; sourceTree = "<group>"; };
		67CC92421029332E000657AB /* address.o */ = {isa = PBXFileReference; lastKnownFileType = "compiled.mach-o.objfile"; path = address.o; sourceTree = "<group>"; };
		67CC92431029332E000657AB /* app_main.d */ = {isa = PBXFileReference; fileEncoding = 4; lastKnownFileType = sourcecode.dtrace; path = app_main.d; sourceTree = "<group>"; };
		67CC92441029332E000657AB /* app_main.o */ = {isa = PBXFileReference; lastKnownFileType = "compiled.mach-o.objfile"; path = app_main.o; sourceTree = "<group>"; };
		67CC92471029332E000657AB /* arm_arch.d */ = {isa = PBXFileReference; fileEncoding = 4; lastKnownFileType = sourcecode.dtrace; path = arm_arch.d; sourceTree = "<group>"; };
		67CC92481029332E000657AB /* arm_arch.o */ = {isa = PBXFileReference; lastKnownFileType = "compiled.mach-o.objfile"; path = arm_arch.o; sourceTree = "<group>"; };
		67CC92491029332E000657AB /* arm_instruction.d */ = {isa = PBXFileReference; fileEncoding = 4; lastKnownFileType = sourcecode.dtrace; path = arm_instruction.d; sourceTree = "<group>"; };
		67CC924A1029332E000657AB /* arm_instruction.o */ = {isa = PBXFileReference; lastKnownFileType = "compiled.mach-o.objfile"; path = arm_instruction.o; sourceTree = "<group>"; };
		67CC924B1029332E000657AB /* dec_op.d */ = {isa = PBXFileReference; fileEncoding = 4; lastKnownFileType = sourcecode.dtrace; path = dec_op.d; sourceTree = "<group>"; };
		67CC924C1029332E000657AB /* dec_op.o */ = {isa = PBXFileReference; lastKnownFileType = "compiled.mach-o.objfile"; path = dec_op.o; sourceTree = "<group>"; };
		67CC924D1029332E000657AB /* disasm.d */ = {isa = PBXFileReference; fileEncoding = 4; lastKnownFileType = sourcecode.dtrace; path = disasm.d; sourceTree = "<group>"; };
		67CC924E1029332E000657AB /* disasm.o */ = {isa = PBXFileReference; lastKnownFileType = "compiled.mach-o.objfile"; path = disasm.o; sourceTree = "<group>"; };
		67CC924F1029332E000657AB /* binaryconstant.d */ = {isa = PBXFileReference; fileEncoding = 4; lastKnownFileType = sourcecode.dtrace; path = binaryconstant.d; sourceTree = "<group>"; };
		67CC92501029332E000657AB /* binaryconstant.o */ = {isa = PBXFileReference; lastKnownFileType = "compiled.mach-o.objfile"; path = binaryconstant.o; sourceTree = "<group>"; };
		67CC92511029332E000657AB /* codeblock.d */ = {isa = PBXFileReference; fileEncoding = 4; lastKnownFileType = sourcecode.dtrace; path = codeblock.d; sourceTree = "<group>"; };
		67CC92521029332E000657AB /* codeblock.o */ = {isa = PBXFileReference; lastKnownFileType = "compiled.mach-o.objfile"; path = codeblock.o; sourceTree = "<group>"; };
		67CC92531029332E000657AB /* comment.d */ = {isa = PBXFileReference; fileEncoding = 4; lastKnownFileType = sourcecode.dtrace; path = comment.d; sourceTree = "<group>"; };
		67CC92541029332E000657AB /* comment.o */ = {isa = PBXFileReference; lastKnownFileType = "compiled.mach-o.objfile"; path = comment.o; sourceTree = "<group>"; };
		67CC92551029332E000657AB /* datatypereg.d */ = {isa = PBXFileReference; fileEncoding = 4; lastKnownFileType = sourcecode.dtrace; path = datatypereg.d; sourceTree = "<group>"; };
		67CC92561029332E000657AB /* datatypereg.o */ = {isa = PBXFileReference; lastKnownFileType = "compiled.mach-o.objfile"; path = datatypereg.o; sourceTree = "<group>"; };
		67CC92571029332E000657AB /* dismember */ = {isa = PBXFileReference; lastKnownFileType = "compiled.mach-o.executable"; path = dismember; sourceTree = "<group>"; };
		67CC925A1029332E000657AB /* categories.pbxbtree */ = {isa = PBXFileReference; lastKnownFileType = file; path = categories.pbxbtree; sourceTree = "<group>"; };
		67CC925B1029332E000657AB /* cdecls.pbxbtree */ = {isa = PBXFileReference; lastKnownFileType = file; path = cdecls.pbxbtree; sourceTree = "<group>"; };
		67CC925C1029332E000657AB /* decls.pbxbtree */ = {isa = PBXFileReference; lastKnownFileType = file; path = decls.pbxbtree; sourceTree = "<group>"; };
		67CC925D1029332E000657AB /* files.pbxbtree */ = {isa = PBXFileReference; lastKnownFileType = file; path = files.pbxbtree; sourceTree = "<group>"; };
		67CC925E1029332E000657AB /* imports.pbxbtree */ = {isa = PBXFileReference; lastKnownFileType = file; path = imports.pbxbtree; sourceTree = "<group>"; };
		67CC925F1029332E000657AB /* pbxindex.header */ = {isa = PBXFileReference; lastKnownFileType = file; path = pbxindex.header; sourceTree = "<group>"; };
		67CC92601029332E000657AB /* protocols.pbxbtree */ = {isa = PBXFileReference; lastKnownFileType = file; path = protocols.pbxbtree; sourceTree = "<group>"; };
		67CC92611029332E000657AB /* refs.pbxbtree */ = {isa = PBXFileReference; lastKnownFileType = file; path = refs.pbxbtree; sourceTree = "<group>"; };
		67CC92631029332E000657AB /* control */ = {isa = PBXFileReference; lastKnownFileType = file; path = control; sourceTree = "<group>"; };
		67CC92641029332E000657AB /* strings */ = {isa = PBXFileReference; lastKnownFileType = file; path = strings; sourceTree = "<group>"; };
		67CC92651029332E000657AB /* subclasses.pbxbtree */ = {isa = PBXFileReference; lastKnownFileType = file; path = subclasses.pbxbtree; sourceTree = "<group>"; };
		67CC92661029332E000657AB /* symbols0.pbxsymbols */ = {isa = PBXFileReference; lastKnownFileType = file; path = symbols0.pbxsymbols; sourceTree = "<group>"; };
		67CC92671029332E000657AB /* document.d */ = {isa = PBXFileReference; fileEncoding = 4; lastKnownFileType = sourcecode.dtrace; path = document.d; sourceTree = "<group>"; };
		67CC92681029332E000657AB /* document.o */ = {isa = PBXFileReference; lastKnownFileType = "compiled.mach-o.objfile"; path = document.o; sourceTree = "<group>"; };
		67CC92691029332E000657AB /* exception.d */ = {isa = PBXFileReference; fileEncoding = 4; lastKnownFileType = sourcecode.dtrace; path = exception.d; sourceTree = "<group>"; };
		67CC926A1029332E000657AB /* exception.o */ = {isa = PBXFileReference; lastKnownFileType = "compiled.mach-o.objfile"; path = exception.o; sourceTree = "<group>"; };
		67CC926B1029332E000657AB /* i_memlocdata.d */ = {isa = PBXFileReference; fileEncoding = 4; lastKnownFileType = sourcecode.dtrace; path = i_memlocdata.d; sourceTree = "<group>"; };
		67CC926C1029332E000657AB /* i_memlocdata.o */ = {isa = PBXFileReference; lastKnownFileType = "compiled.mach-o.objfile"; path = i_memlocdata.o; sourceTree = "<group>"; };
		67CC926D1029332E000657AB /* i_projectmodel.d */ = {isa = PBXFileReference; fileEncoding = 4; lastKnownFileType = sourcecode.dtrace; path = i_projectmodel.d; sourceTree = "<group>"; };
		67CC926E1029332E000657AB /* i_projectmodel.o */ = {isa = PBXFileReference; lastKnownFileType = "compiled.mach-o.objfile"; path = i_projectmodel.o; sourceTree = "<group>"; };
		67CC926F1029332E000657AB /* instruction.d */ = {isa = PBXFileReference; fileEncoding = 4; lastKnownFileType = sourcecode.dtrace; path = instruction.d; sourceTree = "<group>"; };
		67CC92701029332E000657AB /* instruction.o */ = {isa = PBXFileReference; lastKnownFileType = "compiled.mach-o.objfile"; path = instruction.o; sourceTree = "<group>"; };
		67CC92731029332E000657AB /* bflt.d */ = {isa = PBXFileReference; fileEncoding = 4; lastKnownFileType = sourcecode.dtrace; path = bflt.d; sourceTree = "<group>"; };
		67CC92741029332E000657AB /* bflt.o */ = {isa = PBXFileReference; lastKnownFileType = "compiled.mach-o.objfile"; path = bflt.o; sourceTree = "<group>"; };
		67CC92761029332E000657AB /* binary.d */ = {isa = PBXFileReference; fileEncoding = 4; lastKnownFileType = sourcecode.dtrace; path = binary.d; sourceTree = "<group>"; };
		67CC92771029332E000657AB /* binary.o */ = {isa = PBXFileReference; lastKnownFileType = "compiled.mach-o.objfile"; path = binary.o; sourceTree = "<group>"; };
		67CC92791029332E000657AB /* elf.d */ = {isa = PBXFileReference; fileEncoding = 4; lastKnownFileType = sourcecode.dtrace; path = elf.d; sourceTree = "<group>"; };
		67CC927A1029332E000657AB /* elf.o */ = {isa = PBXFileReference; lastKnownFileType = "compiled.mach-o.objfile"; path = elf.o; sourceTree = "<group>"; };
		67CC927C1029332E000657AB /* hexloader.d */ = {isa = PBXFileReference; fileEncoding = 4; lastKnownFileType = sourcecode.dtrace; path = hexloader.d; sourceTree = "<group>"; };
		67CC927D1029332E000657AB /* hexloader.o */ = {isa = PBXFileReference; lastKnownFileType = "compiled.mach-o.objfile"; path = hexloader.o; sourceTree = "<group>"; };
		67CC927E1029332E000657AB /* loaderfactory.d */ = {isa = PBXFileReference; fileEncoding = 4; lastKnownFileType = sourcecode.dtrace; path = loaderfactory.d; sourceTree = "<group>"; };
		67CC927F1029332E000657AB /* loaderfactory.o */ = {isa = PBXFileReference; lastKnownFileType = "compiled.mach-o.objfile"; path = loaderfactory.o; sourceTree = "<group>"; };
		67CC92811029332E000657AB /* mach-o.d */ = {isa = PBXFileReference; fileEncoding = 4; lastKnownFileType = sourcecode.dtrace; path = "mach-o.d"; sourceTree = "<group>"; };
		67CC92821029332E000657AB /* mach-o.o */ = {isa = PBXFileReference; lastKnownFileType = "compiled.mach-o.objfile"; path = "mach-o.o"; sourceTree = "<group>"; };
		67CC92841029332E000657AB /* s19loader.d */ = {isa = PBXFileReference; fileEncoding = 4; lastKnownFileType = sourcecode.dtrace; path = s19loader.d; sourceTree = "<group>"; };
		67CC92851029332E000657AB /* s19loader.o */ = {isa = PBXFileReference; lastKnownFileType = "compiled.mach-o.objfile"; path = s19loader.o; sourceTree = "<group>"; };
		67CC92861029332E000657AB /* memlocmanager.d */ = {isa = PBXFileReference; fileEncoding = 4; lastKnownFileType = sourcecode.dtrace; path = memlocmanager.d; sourceTree = "<group>"; };
		67CC92871029332E000657AB /* memlocmanager.o */ = {isa = PBXFileReference; lastKnownFileType = "compiled.mach-o.objfile"; path = memlocmanager.o; sourceTree = "<group>"; };
		67CC92891029332E000657AB /* memlocdata.d */ = {isa = PBXFileReference; fileEncoding = 4; lastKnownFileType = sourcecode.dtrace; path = memlocdata.d; sourceTree = "<group>"; };
		67CC928A1029332E000657AB /* memlocdata.o */ = {isa = PBXFileReference; lastKnownFileType = "compiled.mach-o.objfile"; path = memlocdata.o; sourceTree = "<group>"; };
		67CC928B1029332E000657AB /* memorybackedprojectmodel.d */ = {isa = PBXFileReference; fileEncoding = 4; lastKnownFileType = sourcecode.dtrace; path = memorybackedprojectmodel.d; sourceTree = "<group>"; };
		67CC928C1029332E000657AB /* memorybackedprojectmodel.o */ = {isa = PBXFileReference; lastKnownFileType = "compiled.mach-o.objfile"; path = memorybackedprojectmodel.o; sourceTree = "<group>"; };
		67CC928D1029332E000657AB /* memsegment.d */ = {isa = PBXFileReference; fileEncoding = 4; lastKnownFileType = sourcecode.dtrace; path = memsegment.d; sourceTree = "<group>"; };
		67CC928E1029332E000657AB /* memsegment.o */ = {isa = PBXFileReference; lastKnownFileType = "compiled.mach-o.objfile"; path = memsegment.o; sourceTree = "<group>"; };
		67CC928F1029332E000657AB /* memsegmentmanager.d */ = {isa = PBXFileReference; fileEncoding = 4; lastKnownFileType = sourcecode.dtrace; path = memsegmentmanager.d; sourceTree = "<group>"; };
		67CC92901029332E000657AB /* memsegmentmanager.o */ = {isa = PBXFileReference; lastKnownFileType = "compiled.mach-o.objfile"; path = memsegmentmanager.o; sourceTree = "<group>"; };
		67CC92911029332E000657AB /* program_flow_analysis.d */ = {isa = PBXFileReference; fileEncoding = 4; lastKnownFileType = sourcecode.dtrace; path = program_flow_analysis.d; sourceTree = "<group>"; };
		67CC92921029332E000657AB /* program_flow_analysis.o */ = {isa = PBXFileReference; lastKnownFileType = "compiled.mach-o.objfile"; path = program_flow_analysis.o; sourceTree = "<group>"; };
		67CC92951029332E000657AB /* bind_analysis.d */ = {isa = PBXFileReference; fileEncoding = 4; lastKnownFileType = sourcecode.dtrace; path = bind_analysis.d; sourceTree = "<group>"; };
		67CC92961029332E000657AB /* bind_analysis.o */ = {isa = PBXFileReference; lastKnownFileType = "compiled.mach-o.objfile"; path = bind_analysis.o; sourceTree = "<group>"; };
		67CC92971029332E000657AB /* bind_arch.d */ = {isa = PBXFileReference; fileEncoding = 4; lastKnownFileType = sourcecode.dtrace; path = bind_arch.d; sourceTree = "<group>"; };
		67CC92981029332E000657AB /* bind_arch.o */ = {isa = PBXFileReference; lastKnownFileType = "compiled.mach-o.objfile"; path = bind_arch.o; sourceTree = "<group>"; };
		67CC92991029332E000657AB /* bind_codeblocks.d */ = {isa = PBXFileReference; fileEncoding = 4; lastKnownFileType = sourcecode.dtrace; path = bind_codeblocks.d; sourceTree = "<group>"; };
		67CC929A1029332E000657AB /* bind_codeblocks.o */ = {isa = PBXFileReference; lastKnownFileType = "compiled.mach-o.objfile"; path = bind_codeblocks.o; sourceTree = "<group>"; };
		67CC929B1029332E000657AB /* bind_datatype.d */ = {isa = PBXFileReference; fileEncoding = 4; lastKnownFileType = sourcecode.dtrace; path = bind_datatype.d; sourceTree = "<group>"; };
		67CC929C1029332E000657AB /* bind_datatype.o */ = {isa = PBXFileReference; lastKnownFileType = "compiled.mach-o.objfile"; path = bind_datatype.o; sourceTree = "<group>"; };
		67CC929D1029332E000657AB /* bind_document.d */ = {isa = PBXFileReference; fileEncoding = 4; lastKnownFileType = sourcecode.dtrace; path = bind_document.d; sourceTree = "<group>"; };
		67CC929E1029332E000657AB /* bind_document.o */ = {isa = PBXFileReference; lastKnownFileType = "compiled.mach-o.objfile"; path = bind_document.o; sourceTree = "<group>"; };
		67CC929F1029332E000657AB /* bind_runqueue.d */ = {isa = PBXFileReference; fileEncoding = 4; lastKnownFileType = sourcecode.dtrace; path = bind_runqueue.d; sourceTree = "<group>"; };
		67CC92A01029332E000657AB /* bind_runqueue.o */ = {isa = PBXFileReference; lastKnownFileType = "compiled.mach-o.objfile"; path = bind_runqueue.o; sourceTree = "<group>"; };
		67CC92A11029332E000657AB /* bind_trace.d */ = {isa = PBXFileReference; fileEncoding = 4; lastKnownFileType = sourcecode.dtrace; path = bind_trace.d; sourceTree = "<group>"; };
		67CC92A21029332E000657AB /* bind_trace.o */ = {isa = PBXFileReference; lastKnownFileType = "compiled.mach-o.objfile"; path = bind_trace.o; sourceTree = "<group>"; };
		67CC92A31029332E000657AB /* bind_types.d */ = {isa = PBXFileReference; fileEncoding = 4; lastKnownFileType = sourcecode.dtrace; path = bind_types.d; sourceTree = "<group>"; };
		67CC92A41029332E000657AB /* bind_types.o */ = {isa = PBXFileReference; lastKnownFileType = "compiled.mach-o.objfile"; path = bind_types.o; sourceTree = "<group>"; };
		67CC92A51029332E000657AB /* bindings.d */ = {isa = PBXFileReference; fileEncoding = 4; lastKnownFileType = sourcecode.dtrace; path = bindings.d; sourceTree = "<group>"; };
		67CC92A61029332E000657AB /* bindings.o */ = {isa = PBXFileReference; lastKnownFileType = "compiled.mach-o.objfile"; path = bindings.o; sourceTree = "<group>"; };
		67CC92A71029332E000657AB /* globalpythoninterpreter.d */ = {isa = PBXFileReference; fileEncoding = 4; lastKnownFileType = sourcecode.dtrace; path = globalpythoninterpreter.d; sourceTree = "<group>"; };
		67CC92A81029332E000657AB /* globalpythoninterpreter.o */ = {isa = PBXFileReference; lastKnownFileType = "compiled.mach-o.objfile"; path = globalpythoninterpreter.o; sourceTree = "<group>"; };
		67CC92A91029332E000657AB /* localpythoninterpreter.d */ = {isa = PBXFileReference; fileEncoding = 4; lastKnownFileType = sourcecode.dtrace; path = localpythoninterpreter.d; sourceTree = "<group>"; };
		67CC92AA1029332E000657AB /* localpythoninterpreter.o */ = {isa = PBXFileReference; lastKnownFileType = "compiled.mach-o.objfile"; path = localpythoninterpreter.o; sourceTree = "<group>"; };
		67CC92AC1029332E000657AB /* application.d */ = {isa = PBXFileReference; fileEncoding = 4; lastKnownFileType = sourcecode.dtrace; path = application.d; sourceTree = "<group>"; };
		67CC92AD1029332E000657AB /* application.moc.d */ = {isa = PBXFileReference; fileEncoding = 4; lastKnownFileType = sourcecode.dtrace; path = application.moc.d; sourceTree = "<group>"; };
		67CC92AE1029332E000657AB /* application.moc.o */ = {isa = PBXFileReference; lastKnownFileType = "compiled.mach-o.objfile"; path = application.moc.o; sourceTree = "<group>"; };
		67CC92AF1029332E000657AB /* application.o */ = {isa = PBXFileReference; lastKnownFileType = "compiled.mach-o.objfile"; path = application.o; sourceTree = "<group>"; };
		67CC92B01029332E000657AB /* codemodel.d */ = {isa = PBXFileReference; fileEncoding = 4; lastKnownFileType = sourcecode.dtrace; path = codemodel.d; sourceTree = "<group>"; };
		67CC92B11029332E000657AB /* codemodel.o */ = {isa = PBXFileReference; lastKnownFileType = "compiled.mach-o.objfile"; path = codemodel.o; sourceTree = "<group>"; };
		67CC92B21029332E000657AB /* codeview.d */ = {isa = PBXFileReference; fileEncoding = 4; lastKnownFileType = sourcecode.dtrace; path = codeview.d; sourceTree = "<group>"; };
		67CC92B31029332E000657AB /* codeview.o */ = {isa = PBXFileReference; lastKnownFileType = "compiled.mach-o.objfile"; path = codeview.o; sourceTree = "<group>"; };
		67CC92B41029332E000657AB /* datatypeview.d */ = {isa = PBXFileReference; fileEncoding = 4; lastKnownFileType = sourcecode.dtrace; path = datatypeview.d; sourceTree = "<group>"; };
		67CC92B51029332E000657AB /* datatypeview.o */ = {isa = PBXFileReference; lastKnownFileType = "compiled.mach-o.objfile"; path = datatypeview.o; sourceTree = "<group>"; };
		67CC92B61029332E000657AB /* dataview.d */ = {isa = PBXFileReference; fileEncoding = 4; lastKnownFileType = sourcecode.dtrace; path = dataview.d; sourceTree = "<group>"; };
		67CC92B71029332E000657AB /* dataview.o */ = {isa = PBXFileReference; lastKnownFileType = "compiled.mach-o.objfile"; path = dataview.o; sourceTree = "<group>"; };
		67CC92B81029332E000657AB /* dialog.d */ = {isa = PBXFileReference; fileEncoding = 4; lastKnownFileType = sourcecode.dtrace; path = dialog.d; sourceTree = "<group>"; };
		67CC92B91029332E000657AB /* dialog.o */ = {isa = PBXFileReference; lastKnownFileType = "compiled.mach-o.objfile"; path = dialog.o; sourceTree = "<group>"; };
		67CC92BA1029332E000657AB /* guiglue.d */ = {isa = PBXFileReference; fileEncoding = 4; lastKnownFileType = sourcecode.dtrace; path = guiglue.d; sourceTree = "<group>"; };
		67CC92BB1029332E000657AB /* guiglue.o */ = {isa = PBXFileReference; lastKnownFileType = "compiled.mach-o.objfile"; path = guiglue.o; sourceTree = "<group>"; };
		67CC92BC1029332E000657AB /* guiproxy.d */ = {isa = PBXFileReference; fileEncoding = 4; lastKnownFileType = sourcecode.dtrace; path = guiproxy.d; sourceTree = "<group>"; };
		67CC92BD1029332E000657AB /* guiproxy.o */ = {isa = PBXFileReference; lastKnownFileType = "compiled.mach-o.objfile"; path = guiproxy.o; sourceTree = "<group>"; };
		67CC92BE1029332E000657AB /* main.d */ = {isa = PBXFileReference; fileEncoding = 4; lastKnownFileType = sourcecode.dtrace; path = main.d; sourceTree = "<group>"; };
		67CC92BF1029332E000657AB /* main.o */ = {isa = PBXFileReference; lastKnownFileType = "compiled.mach-o.objfile"; path = main.o; sourceTree = "<group>"; };
		67CC92C01029332E000657AB /* multilinedialog.d */ = {isa = PBXFileReference; fileEncoding = 4; lastKnownFileType = sourcecode.dtrace; path = multilinedialog.d; sourceTree = "<group>"; };
		67CC92C11029332E000657AB /* multilinedialog.o */ = {isa = PBXFileReference; lastKnownFileType = "compiled.mach-o.objfile"; path = multilinedialog.o; sourceTree = "<group>"; };
		67CC92C21029332E000657AB /* pythonterminalview.d */ = {isa = PBXFileReference; fileEncoding = 4; lastKnownFileType = sourcecode.dtrace; path = pythonterminalview.d; sourceTree = "<group>"; };
		67CC92C31029332E000657AB /* pythonterminalview.moc.d */ = {isa = PBXFileReference; fileEncoding = 4; lastKnownFileType = sourcecode.dtrace; path = pythonterminalview.moc.d; sourceTree = "<group>"; };
		67CC92C41029332E000657AB /* pythonterminalview.moc.o */ = {isa = PBXFileReference; lastKnownFileType = "compiled.mach-o.objfile"; path = pythonterminalview.moc.o; sourceTree = "<group>"; };
		67CC92C51029332E000657AB /* pythonterminalview.o */ = {isa = PBXFileReference; lastKnownFileType = "compiled.mach-o.objfile"; path = pythonterminalview.o; sourceTree = "<group>"; };
		67CC92C61029332E000657AB /* resources.rcc.d */ = {isa = PBXFileReference; fileEncoding = 4; lastKnownFileType = sourcecode.dtrace; path = resources.rcc.d; sourceTree = "<group>"; };
		67CC92C71029332E000657AB /* resources.rcc.o */ = {isa = PBXFileReference; lastKnownFileType = "compiled.mach-o.objfile"; path = resources.rcc.o; sourceTree = "<group>"; };
		67CC92C81029332E000657AB /* runqueuemonitor.d */ = {isa = PBXFileReference; fileEncoding = 4; lastKnownFileType = sourcecode.dtrace; path = runqueuemonitor.d; sourceTree = "<group>"; };
		67CC92C91029332E000657AB /* runqueuemonitor.moc.d */ = {isa = PBXFileReference; fileEncoding = 4; lastKnownFileType = sourcecode.dtrace; path = runqueuemonitor.moc.d; sourceTree = "<group>"; };
		67CC92CA1029332E000657AB /* runqueuemonitor.moc.o */ = {isa = PBXFileReference; lastKnownFileType = "compiled.mach-o.objfile"; path = runqueuemonitor.moc.o; sourceTree = "<group>"; };
		67CC92CB1029332E000657AB /* runqueuemonitor.o */ = {isa = PBXFileReference; lastKnownFileType = "compiled.mach-o.objfile"; path = runqueuemonitor.o; sourceTree = "<group>"; };
		67CC92CC1029332E000657AB /* runtimemodel.d */ = {isa = PBXFileReference; fileEncoding = 4; lastKnownFileType = sourcecode.dtrace; path = runtimemodel.d; sourceTree = "<group>"; };
		67CC92CD1029332E000657AB /* runtimemodel.moc.d */ = {isa = PBXFileReference; fileEncoding = 4; lastKnownFileType = sourcecode.dtrace; path = runtimemodel.moc.d; sourceTree = "<group>"; };
		67CC92CE1029332E000657AB /* runtimemodel.moc.o */ = {isa = PBXFileReference; lastKnownFileType = "compiled.mach-o.objfile"; path = runtimemodel.moc.o; sourceTree = "<group>"; };
		67CC92CF1029332E000657AB /* runtimemodel.o */ = {isa = PBXFileReference; lastKnownFileType = "compiled.mach-o.objfile"; path = runtimemodel.o; sourceTree = "<group>"; };
		67CC92D01029332E000657AB /* searchwidget.d */ = {isa = PBXFileReference; fileEncoding = 4; lastKnownFileType = sourcecode.dtrace; path = searchwidget.d; sourceTree = "<group>"; };
		67CC92D11029332E000657AB /* searchwidget.moc.d */ = {isa = PBXFileReference; fileEncoding = 4; lastKnownFileType = sourcecode.dtrace; path = searchwidget.moc.d; sourceTree = "<group>"; };
		67CC92D21029332E000657AB /* searchwidget.moc.o */ = {isa = PBXFileReference; lastKnownFileType = "compiled.mach-o.objfile"; path = searchwidget.moc.o; sourceTree = "<group>"; };
		67CC92D31029332E000657AB /* searchwidget.o */ = {isa = PBXFileReference; lastKnownFileType = "compiled.mach-o.objfile"; path = searchwidget.o; sourceTree = "<group>"; };
		67CC92D41029332E000657AB /* symbolmodel.d */ = {isa = PBXFileReference; fileEncoding = 4; lastKnownFileType = sourcecode.dtrace; path = symbolmodel.d; sourceTree = "<group>"; };
		67CC92D51029332E000657AB /* symbolmodel.o */ = {isa = PBXFileReference; lastKnownFileType = "compiled.mach-o.objfile"; path = symbolmodel.o; sourceTree = "<group>"; };
		67CC92D61029332E000657AB /* symbolview.d */ = {isa = PBXFileReference; fileEncoding = 4; lastKnownFileType = sourcecode.dtrace; path = symbolview.d; sourceTree = "<group>"; };
		67CC92D71029332E000657AB /* symbolview.o */ = {isa = PBXFileReference; lastKnownFileType = "compiled.mach-o.objfile"; path = symbolview.o; sourceTree = "<group>"; };
		67CC92D81029332E000657AB /* run_queue.d */ = {isa = PBXFileReference; fileEncoding = 4; lastKnownFileType = sourcecode.dtrace; path = run_queue.d; sourceTree = "<group>"; };
		67CC92D91029332E000657AB /* run_queue.o */ = {isa = PBXFileReference; lastKnownFileType = "compiled.mach-o.objfile"; path = run_queue.o; sourceTree = "<group>"; };
		67CC92DA1029332E000657AB /* search.d */ = {isa = PBXFileReference; fileEncoding = 4; lastKnownFileType = sourcecode.dtrace; path = search.d; sourceTree = "<group>"; };
		67CC92DB1029332E000657AB /* search.o */ = {isa = PBXFileReference; lastKnownFileType = "compiled.mach-o.objfile"; path = search.o; sourceTree = "<group>"; };
		67CC92DC1029332E000657AB /* stringconstant.d */ = {isa = PBXFileReference; fileEncoding = 4; lastKnownFileType = sourcecode.dtrace; path = stringconstant.d; sourceTree = "<group>"; };
		67CC92DD1029332E000657AB /* stringconstant.o */ = {isa = PBXFileReference; lastKnownFileType = "compiled.mach-o.objfile"; path = stringconstant.o; sourceTree = "<group>"; };
		67CC92DE1029332E000657AB /* symbol_analysis.d */ = {isa = PBXFileReference; fileEncoding = 4; lastKnownFileType = sourcecode.dtrace; path = symbol_analysis.d; sourceTree = "<group>"; };
		67CC92DF1029332E000657AB /* symbol_analysis.o */ = {isa = PBXFileReference; lastKnownFileType = "compiled.mach-o.objfile"; path = symbol_analysis.o; sourceTree = "<group>"; };
		67CC92E01029332E000657AB /* symlist.d */ = {isa = PBXFileReference; fileEncoding = 4; lastKnownFileType = sourcecode.dtrace; path = symlist.d; sourceTree = "<group>"; };
		67CC92E11029332E000657AB /* symlist.o */ = {isa = PBXFileReference; lastKnownFileType = "compiled.mach-o.objfile"; path = symlist.o; sourceTree = "<group>"; };
		67CC92E21029332E000657AB /* xref.d */ = {isa = PBXFileReference; fileEncoding = 4; lastKnownFileType = sourcecode.dtrace; path = xref.d; sourceTree = "<group>"; };
		67CC92E31029332E000657AB /* xref.o */ = {isa = PBXFileReference; lastKnownFileType = "compiled.mach-o.objfile"; path = xref.o; sourceTree = "<group>"; };
		67CC92E41029332E000657AB /* xrefmanager.d */ = {isa = PBXFileReference; fileEncoding = 4; lastKnownFileType = sourcecode.dtrace; path = xrefmanager.d; sourceTree = "<group>"; };
		67CC92E51029332E000657AB /* xrefmanager.o */ = {isa = PBXFileReference; lastKnownFileType = "compiled.mach-o.objfile"; path = xrefmanager.o; sourceTree = "<group>"; };
		67CC92E61029332E000657AB /* callback.h */ = {isa = PBXFileReference; fileEncoding = 4; lastKnownFileType = sourcecode.c.h; path = callback.h; sourceTree = "<group>"; };
		67CC92E71029332E000657AB /* codeblock.cpp */ = {isa = PBXFileReference; fileEncoding = 4; lastKnownFileType = sourcecode.cpp.cpp; path = codeblock.cpp; sourceTree = "<group>"; };
		67CC92E81029332E000657AB /* codeblock.h */ = {isa = PBXFileReference; fileEncoding = 4; lastKnownFileType = sourcecode.c.h; path = codeblock.h; sourceTree = "<group>"; };
		67CC92E91029332E000657AB /* comment.cpp */ = {isa = PBXFileReference; fileEncoding = 4; lastKnownFileType = sourcecode.cpp.cpp; path = comment.cpp; sourceTree = "<group>"; };
		67CC92EA1029332E000657AB /* comment.h */ = {isa = PBXFileReference; fileEncoding = 4; lastKnownFileType = sourcecode.c.h; path = comment.h; sourceTree = "<group>"; };
		67CC92EB1029332E000657AB /* configure */ = {isa = PBXFileReference; fileEncoding = 4; lastKnownFileType = text; path = configure; sourceTree = "<group>"; };
		67CC92ED1029332E000657AB /* base64.cpp */ = {isa = PBXFileReference; fileEncoding = 4; lastKnownFileType = sourcecode.cpp.cpp; path = base64.cpp; sourceTree = "<group>"; };
		67CC92EE1029332E000657AB /* base64.h */ = {isa = PBXFileReference; fileEncoding = 4; lastKnownFileType = sourcecode.c.h; path = base64.h; sourceTree = "<group>"; };
		67CC92EF1029332E000657AB /* datatype.h */ = {isa = PBXFileReference; fileEncoding = 4; lastKnownFileType = sourcecode.c.h; path = datatype.h; sourceTree = "<group>"; };
		67CC92F01029332E000657AB /* datatypereg.cpp */ = {isa = PBXFileReference; fileEncoding = 4; lastKnownFileType = sourcecode.cpp.cpp; path = datatypereg.cpp; sourceTree = "<group>"; };
		67CC92F11029332E000657AB /* datatypereg.h */ = {isa = PBXFileReference; fileEncoding = 4; lastKnownFileType = sourcecode.c.h; path = datatypereg.h; sourceTree = "<group>"; };
		67CC92F21029332E000657AB /* dismember-Info.plist */ = {isa = PBXFileReference; fileEncoding = 4; lastKnownFileType = text.plist.xml; path = "dismember-Info.plist"; sourceTree = "<group>"; };
		67CC92F31029332E000657AB /* dismember.mk */ = {isa = PBXFileReference; fileEncoding = 4; lastKnownFileType = text; path = dismember.mk; sourceTree = "<group>"; };
		67CC92F41029332E000657AB /* document.cpp */ = {isa = PBXFileReference; fileEncoding = 4; lastKnownFileType = sourcecode.cpp.cpp; path = document.cpp; sourceTree = "<group>"; };
		67CC92F51029332E000657AB /* document.h */ = {isa = PBXFileReference; fileEncoding = 4; lastKnownFileType = sourcecode.c.h; path = document.h; sourceTree = "<group>"; };
		67CC92F61029332E000657AB /* Doxyfile */ = {isa = PBXFileReference; fileEncoding = 4; lastKnownFileType = text; path = Doxyfile; sourceTree = "<group>"; };
		67CC92F71029332E000657AB /* endian_util.h */ = {isa = PBXFileReference; fileEncoding = 4; lastKnownFileType = sourcecode.c.h; path = endian_util.h; sourceTree = "<group>"; };
		67CC92F81029332E000657AB /* exception.cpp */ = {isa = PBXFileReference; fileEncoding = 4; lastKnownFileType = sourcecode.cpp.cpp; path = exception.cpp; sourceTree = "<group>"; };
		67CC92F91029332E000657AB /* exception.h */ = {isa = PBXFileReference; fileEncoding = 4; lastKnownFileType = sourcecode.c.h; path = exception.h; sourceTree = "<group>"; };
		67CC92FA1029332E000657AB /* guidialog.h */ = {isa = PBXFileReference; fileEncoding = 4; lastKnownFileType = sourcecode.c.h; path = guidialog.h; sourceTree = "<group>"; };
		67CC92FB1029332E000657AB /* hash_map.h */ = {isa = PBXFileReference; fileEncoding = 4; lastKnownFileType = sourcecode.c.h; path = hash_map.h; sourceTree = "<group>"; };
		67CC92FC1029332E000657AB /* i_memlocdata.cpp */ = {isa = PBXFileReference; fileEncoding = 4; lastKnownFileType = sourcecode.cpp.cpp; path = i_memlocdata.cpp; sourceTree = "<group>"; };
		67CC92FD1029332E000657AB /* i_memlocdata.h */ = {isa = PBXFileReference; fileEncoding = 4; lastKnownFileType = sourcecode.c.h; path = i_memlocdata.h; sourceTree = "<group>"; };
		67CC92FE1029332E000657AB /* i_projectmodel.cpp */ = {isa = PBXFileReference; fileEncoding = 4; lastKnownFileType = sourcecode.cpp.cpp; path = i_projectmodel.cpp; sourceTree = "<group>"; };
		67CC92FF1029332E000657AB /* i_projectmodel.h */ = {isa = PBXFileReference; fileEncoding = 4; lastKnownFileType = sourcecode.c.h; path = i_projectmodel.h; sourceTree = "<group>"; };
		67CC93001029332E000657AB /* instruction.cpp */ = {isa = PBXFileReference; fileEncoding = 4; lastKnownFileType = sourcecode.cpp.cpp; path = instruction.cpp; sourceTree = "<group>"; };
		67CC93011029332E000657AB /* instruction.h */ = {isa = PBXFileReference; fileEncoding = 4; lastKnownFileType = sourcecode.c.h; path = instruction.h; sourceTree = "<group>"; };
		67CC93041029332E000657AB /* bflt.cpp */ = {isa = PBXFileReference; fileEncoding = 4; lastKnownFileType = sourcecode.cpp.cpp; path = bflt.cpp; sourceTree = "<group>"; };
		67CC93061029332E000657AB /* binary.cpp */ = {isa = PBXFileReference; fileEncoding = 4; lastKnownFileType = sourcecode.cpp.cpp; path = binary.cpp; sourceTree = "<group>"; };
		67CC93081029332E000657AB /* elf.cpp */ = {isa = PBXFileReference; fileEncoding = 4; lastKnownFileType = sourcecode.cpp.cpp; path = elf.cpp; sourceTree = "<group>"; };
		67CC93091029332E000657AB /* elf32.h */ = {isa = PBXFileReference; fileEncoding = 4; lastKnownFileType = sourcecode.c.h; path = elf32.h; sourceTree = "<group>"; };
		67CC930A1029332E000657AB /* elf_common.h */ = {isa = PBXFileReference; fileEncoding = 4; lastKnownFileType = sourcecode.c.h; path = elf_common.h; sourceTree = "<group>"; };
		67CC930C1029332E000657AB /* hexloader.cpp */ = {isa = PBXFileReference; fileEncoding = 4; lastKnownFileType = sourcecode.cpp.cpp; path = hexloader.cpp; sourceTree = "<group>"; };
		67CC930D1029332E000657AB /* loader.mk */ = {isa = PBXFileReference; fileEncoding = 4; lastKnownFileType = text; path = loader.mk; sourceTree = "<group>"; };
		67CC930E1029332E000657AB /* loaderfactory.cpp */ = {isa = PBXFileReference; fileEncoding = 4; lastKnownFileType = sourcecode.cpp.cpp; path = loaderfactory.cpp; sourceTree = "<group>"; };
		67CC930F1029332E000657AB /* loaderfactory.h */ = {isa = PBXFileReference; fileEncoding = 4; lastKnownFileType = sourcecode.c.h; path = loaderfactory.h; sourceTree = "<group>"; };
		67CC93111029332E000657AB /* mach-o.cpp */ = {isa = PBXFileReference; fileEncoding = 4; lastKnownFileType = sourcecode.cpp.cpp; path = "mach-o.cpp"; sourceTree = "<group>"; };
		67CC93121029332E000657AB /* module.mk */ = {isa = PBXFileReference; fileEncoding = 4; lastKnownFileType = text; path = module.mk; sourceTree = "<group>"; };
		67CC93141029332E000657AB /* s19loader.cpp */ = {isa = PBXFileReference; fileEncoding = 4; lastKnownFileType = sourcecode.cpp.cpp; path = s19loader.cpp; sourceTree = "<group>"; };
		67CC93151029332E000657AB /* Makefile */ = {isa = PBXFileReference; fileEncoding = 4; lastKnownFileType = sourcecode.make; path = Makefile; sourceTree = "<group>"; };
		67CC93161029332E000657AB /* Makefile.generic */ = {isa = PBXFileReference; fileEncoding = 4; lastKnownFileType = text; path = Makefile.generic; sourceTree = "<group>"; };
		67CC93171029332E000657AB /* Makefile.macosx */ = {isa = PBXFileReference; fileEncoding = 4; lastKnownFileType = text; path = Makefile.macosx; sourceTree = "<group>"; };
		67CC93181029332E000657AB /* memlocmanager.cpp */ = {isa = PBXFileReference; fileEncoding = 4; lastKnownFileType = sourcecode.cpp.cpp; path = memlocmanager.cpp; sourceTree = "<group>"; };
		67CC93191029332E000657AB /* memlocmanager.h */ = {isa = PBXFileReference; fileEncoding = 4; lastKnownFileType = sourcecode.c.h; path = memlocmanager.h; sourceTree = "<group>"; };
		67CC931B1029332E000657AB /* memlocdata.cpp */ = {isa = PBXFileReference; fileEncoding = 4; lastKnownFileType = sourcecode.cpp.cpp; path = memlocdata.cpp; sourceTree = "<group>"; };
		67CC931C1029332E000657AB /* memlocdata.h */ = {isa = PBXFileReference; fileEncoding = 4; lastKnownFileType = sourcecode.c.h; path = memlocdata.h; sourceTree = "<group>"; };
		67CC931D1029332E000657AB /* memorybackedprojectmodel.cpp */ = {isa = PBXFileReference; fileEncoding = 4; lastKnownFileType = sourcecode.cpp.cpp; path = memorybackedprojectmodel.cpp; sourceTree = "<group>"; };
		67CC931E1029332E000657AB /* memorybackedprojectmodel.h */ = {isa = PBXFileReference; fileEncoding = 4; lastKnownFileType = sourcecode.c.h; path = memorybackedprojectmodel.h; sourceTree = "<group>"; };
		67CC931F1029332E000657AB /* module.mk */ = {isa = PBXFileReference; fileEncoding = 4; lastKnownFileType = text; path = module.mk; sourceTree = "<group>"; };
		67CC93201029332E000657AB /* memsegment.cpp */ = {isa = PBXFileReference; fileEncoding = 4; lastKnownFileType = sourcecode.cpp.cpp; path = memsegment.cpp; sourceTree = "<group>"; };
		67CC93211029332E000657AB /* memsegment.h */ = {isa = PBXFileReference; fileEncoding = 4; lastKnownFileType = sourcecode.c.h; path = memsegment.h; sourceTree = "<group>"; };
		67CC93221029332E000657AB /* memsegmentmanager.cpp */ = {isa = PBXFileReference; fileEncoding = 4; lastKnownFileType = sourcecode.cpp.cpp; path = memsegmentmanager.cpp; sourceTree = "<group>"; };
		67CC93231029332E000657AB /* memsegmentmanager.h */ = {isa = PBXFileReference; fileEncoding = 4; lastKnownFileType = sourcecode.c.h; path = memsegmentmanager.h; sourceTree = "<group>"; };
		67CC93241029332E000657AB /* program_flow_analysis.cpp */ = {isa = PBXFileReference; fileEncoding = 4; lastKnownFileType = sourcecode.cpp.cpp; path = program_flow_analysis.cpp; sourceTree = "<group>"; };
		67CC93251029332E000657AB /* program_flow_analysis.h */ = {isa = PBXFileReference; fileEncoding = 4; lastKnownFileType = sourcecode.c.h; path = program_flow_analysis.h; sourceTree = "<group>"; };
		67CC93281029332E000657AB /* bind_analysis.cpp */ = {isa = PBXFileReference; fileEncoding = 4; lastKnownFileType = sourcecode.cpp.cpp; path = bind_analysis.cpp; sourceTree = "<group>"; };
		67CC93291029332E000657AB /* bind_arch.cpp */ = {isa = PBXFileReference; fileEncoding = 4; lastKnownFileType = sourcecode.cpp.cpp; path = bind_arch.cpp; sourceTree = "<group>"; };
		67CC932A1029332E000657AB /* bind_codeblocks.cpp */ = {isa = PBXFileReference; fileEncoding = 4; lastKnownFileType = sourcecode.cpp.cpp; path = bind_codeblocks.cpp; sourceTree = "<group>"; };
		67CC932B1029332E000657AB /* bind_datatype.cpp */ = {isa = PBXFileReference; fileEncoding = 4; lastKnownFileType = sourcecode.cpp.cpp; path = bind_datatype.cpp; sourceTree = "<group>"; };
		67CC932C1029332E000657AB /* bind_document.cpp */ = {isa = PBXFileReference; fileEncoding = 4; lastKnownFileType = sourcecode.cpp.cpp; path = bind_document.cpp; sourceTree = "<group>"; };
		67CC932D1029332E000657AB /* bind_runqueue.cpp */ = {isa = PBXFileReference; fileEncoding = 4; lastKnownFileType = sourcecode.cpp.cpp; path = bind_runqueue.cpp; sourceTree = "<group>"; };
		67CC932E1029332E000657AB /* bind_trace.cpp */ = {isa = PBXFileReference; fileEncoding = 4; lastKnownFileType = sourcecode.cpp.cpp; path = bind_trace.cpp; sourceTree = "<group>"; };
		67CC932F1029332E000657AB /* bind_types.cpp */ = {isa = PBXFileReference; fileEncoding = 4; lastKnownFileType = sourcecode.cpp.cpp; path = bind_types.cpp; sourceTree = "<group>"; };
		67CC93301029332E000657AB /* bindings.cpp */ = {isa = PBXFileReference; fileEncoding = 4; lastKnownFileType = sourcecode.cpp.cpp; path = bindings.cpp; sourceTree = "<group>"; };
		67CC93311029332E000657AB /* bindings.h */ = {isa = PBXFileReference; fileEncoding = 4; lastKnownFileType = sourcecode.c.h; path = bindings.h; sourceTree = "<group>"; };
		67CC93321029332E000657AB /* globalpythoninterpreter.cpp */ = {isa = PBXFileReference; fileEncoding = 4; lastKnownFileType = sourcecode.cpp.cpp; path = globalpythoninterpreter.cpp; sourceTree = "<group>"; };
		67CC93331029332E000657AB /* globalpythoninterpreter.h */ = {isa = PBXFileReference; fileEncoding = 4; lastKnownFileType = sourcecode.c.h; path = globalpythoninterpreter.h; sourceTree = "<group>"; };
		67CC93341029332E000657AB /* localpythoninterpreter.cpp */ = {isa = PBXFileReference; fileEncoding = 4; lastKnownFileType = sourcecode.cpp.cpp; path = localpythoninterpreter.cpp; sourceTree = "<group>"; };
		67CC93351029332E000657AB /* localpythoninterpreter.h */ = {isa = PBXFileReference; fileEncoding = 4; lastKnownFileType = sourcecode.c.h; path = localpythoninterpreter.h; sourceTree = "<group>"; };
		67CC93361029332E000657AB /* module.mk */ = {isa = PBXFileReference; fileEncoding = 4; lastKnownFileType = text; path = module.mk; sourceTree = "<group>"; };
		67CC93381029332E000657AB /* dismemauto.py */ = {isa = PBXFileReference; fileEncoding = 4; lastKnownFileType = text.script.python; path = dismemauto.py; sourceTree = "<group>"; };
		67CC93391029332E000657AB /* dismemauto.pyc */ = {isa = PBXFileReference; lastKnownFileType = file; path = dismemauto.pyc; sourceTree = "<group>"; };
		67CC933B1029332E000657AB /* __init__.py */ = {isa = PBXFileReference; fileEncoding = 4; lastKnownFileType = text.script.python; path = __init__.py; sourceTree = "<group>"; };
		67CC933C1029332E000657AB /* __init__.pyc */ = {isa = PBXFileReference; lastKnownFileType = file; path = __init__.pyc; sourceTree = "<group>"; };
		67CC933E1029332E000657AB /* __init__.py */ = {isa = PBXFileReference; fileEncoding = 4; lastKnownFileType = text.script.python; path = __init__.py; sourceTree = "<group>"; };
		67CC933F1029332E000657AB /* __init__.pyc */ = {isa = PBXFileReference; lastKnownFileType = file; path = __init__.pyc; sourceTree = "<group>"; };
		67CC93411029332E000657AB /* __init__.py */ = {isa = PBXFileReference; fileEncoding = 4; lastKnownFileType = text.script.python; path = __init__.py; sourceTree = "<group>"; };
		67CC93421029332E000657AB /* __init__.pyc */ = {isa = PBXFileReference; lastKnownFileType = file; path = __init__.pyc; sourceTree = "<group>"; };
		67CC93441029332E000657AB /* application.cpp */ = {isa = PBXFileReference; fileEncoding = 4; lastKnownFileType = sourcecode.cpp.cpp; path = application.cpp; sourceTree = "<group>"; };
		67CC93451029332E000657AB /* application.h */ = {isa = PBXFileReference; fileEncoding = 4; lastKnownFileType = sourcecode.c.h; path = application.h; sourceTree = "<group>"; };
		67CC93461029332E000657AB /* application.moc.cpp */ = {isa = PBXFileReference; fileEncoding = 4; lastKnownFileType = sourcecode.cpp.cpp; path = application.moc.cpp; sourceTree = "<group>"; };
		67CC93471029332E000657AB /* application.ui */ = {isa = PBXFileReference; fileEncoding = 4; lastKnownFileType = text.xml; path = application.ui; sourceTree = "<group>"; };
		67CC93481029332E000657AB /* application.ui.h */ = {isa = PBXFileReference; fileEncoding = 4; lastKnownFileType = sourcecode.c.h; path = application.ui.h; sourceTree = "<group>"; };
		67CC93491029332E000657AB /* codemodel.cpp */ = {isa = PBXFileReference; fileEncoding = 4; lastKnownFileType = sourcecode.cpp.cpp; path = codemodel.cpp; sourceTree = "<group>"; };
		67CC934A1029332E000657AB /* codemodel.h */ = {isa = PBXFileReference; fileEncoding = 4; lastKnownFileType = sourcecode.c.h; path = codemodel.h; sourceTree = "<group>"; };
		67CC934B1029332E000657AB /* codeview.cpp */ = {isa = PBXFileReference; fileEncoding = 4; lastKnownFileType = sourcecode.cpp.cpp; path = codeview.cpp; sourceTree = "<group>"; };
		67CC934C1029332E000657AB /* codeview.h */ = {isa = PBXFileReference; fileEncoding = 4; lastKnownFileType = sourcecode.c.h; path = codeview.h; sourceTree = "<group>"; };
		67CC934D1029332E000657AB /* datatypeview.cpp */ = {isa = PBXFileReference; fileEncoding = 4; lastKnownFileType = sourcecode.cpp.cpp; path = datatypeview.cpp; sourceTree = "<group>"; };
		67CC934E1029332E000657AB /* datatypeview.h */ = {isa = PBXFileReference; fileEncoding = 4; lastKnownFileType = sourcecode.c.h; path = datatypeview.h; sourceTree = "<group>"; };
		67CC934F1029332E000657AB /* dataview.cpp */ = {isa = PBXFileReference; fileEncoding = 4; lastKnownFileType = sourcecode.cpp.cpp; path = dataview.cpp; sourceTree = "<group>"; };
		67CC93501029332E000657AB /* dataview.h */ = {isa = PBXFileReference; fileEncoding = 4; lastKnownFileType = sourcecode.c.h; path = dataview.h; sourceTree = "<group>"; };
		67CC93511029332E000657AB /* dialog.cpp */ = {isa = PBXFileReference; fileEncoding = 4; lastKnownFileType = sourcecode.cpp.cpp; path = dialog.cpp; sourceTree = "<group>"; };
		67CC93521029332E000657AB /* dialog.h */ = {isa = PBXFileReference; fileEncoding = 4; lastKnownFileType = sourcecode.c.h; path = dialog.h; sourceTree = "<group>"; };
		67CC93531029332E000657AB /* guiglue.cpp */ = {isa = PBXFileReference; fileEncoding = 4; lastKnownFileType = sourcecode.cpp.cpp; path = guiglue.cpp; sourceTree = "<group>"; };
		67CC93541029332E000657AB /* guiglue.h */ = {isa = PBXFileReference; fileEncoding = 4; lastKnownFileType = sourcecode.c.h; path = guiglue.h; sourceTree = "<group>"; };
		67CC93551029332E000657AB /* guiproxy.cpp */ = {isa = PBXFileReference; fileEncoding = 4; lastKnownFileType = sourcecode.cpp.cpp; path = guiproxy.cpp; sourceTree = "<group>"; };
		67CC93561029332E000657AB /* guiproxy.h */ = {isa = PBXFileReference; fileEncoding = 4; lastKnownFileType = sourcecode.c.h; path = guiproxy.h; sourceTree = "<group>"; };
		67CC93581029332E000657AB /* arrow_refresh.png */ = {isa = PBXFileReference; lastKnownFileType = image.png; path = arrow_refresh.png; sourceTree = "<group>"; };
		67CC93591029332E000657AB /* cake.png */ = {isa = PBXFileReference; lastKnownFileType = image.png; path = cake.png; sourceTree = "<group>"; };
		67CC935A1029332E000657AB /* cross.png */ = {isa = PBXFileReference; lastKnownFileType = image.png; path = cross.png; sourceTree = "<group>"; };
		67CC935B1029332E000657AB /* disk.png */ = {isa = PBXFileReference; lastKnownFileType = image.png; path = disk.png; sourceTree = "<group>"; };
		67CC935C1029332E000657AB /* door_in.png */ = {isa = PBXFileReference; lastKnownFileType = image.png; path = door_in.png; sourceTree = "<group>"; };
		67CC935D1029332E000657AB /* drive_disk.png */ = {isa = PBXFileReference; lastKnownFileType = image.png; path = drive_disk.png; sourceTree = "<group>"; };
		67CC935E1029332E000657AB /* folder_page.png */ = {isa = PBXFileReference; lastKnownFileType = image.png; path = folder_page.png; sourceTree = "<group>"; };
		67CC935F1029332E000657AB /* help.png */ = {isa = PBXFileReference; lastKnownFileType = image.png; path = help.png; sourceTree = "<group>"; };
		67CC93601029332E000657AB /* page_white_magnify.png */ = {isa = PBXFileReference; lastKnownFileType = image.png; path = page_white_magnify.png; sourceTree = "<group>"; };
		67CC93611029332E000657AB /* resultset_next.png */ = {isa = PBXFileReference; lastKnownFileType = image.png; path = resultset_next.png; sourceTree = "<group>"; };
		67CC93621029332E000657AB /* resultset_previous.png */ = {isa = PBXFileReference; lastKnownFileType = image.png; path = resultset_previous.png; sourceTree = "<group>"; };
		67CC93631029332E000657AB /* main.cpp */ = {isa = PBXFileReference; fileEncoding = 4; lastKnownFileType = sourcecode.cpp.cpp; path = main.cpp; sourceTree = "<group>"; };
		67CC93641029332E000657AB /* module.mk */ = {isa = PBXFileReference; fileEncoding = 4; lastKnownFileType = text; path = module.mk; sourceTree = "<group>"; };
		67CC93651029332E000657AB /* multilinedialog.cpp */ = {isa = PBXFileReference; fileEncoding = 4; lastKnownFileType = sourcecode.cpp.cpp; path = multilinedialog.cpp; sourceTree = "<group>"; };
		67CC93661029332E000657AB /* multilinedialog.h */ = {isa = PBXFileReference; fileEncoding = 4; lastKnownFileType = sourcecode.c.h; path = multilinedialog.h; sourceTree = "<group>"; };
		67CC93671029332E000657AB /* preferences.ui */ = {isa = PBXFileReference; fileEncoding = 4; lastKnownFileType = text.xml; path = preferences.ui; sourceTree = "<group>"; };
		67CC93681029332E000657AB /* pythonterminalview.cpp */ = {isa = PBXFileReference; fileEncoding = 4; lastKnownFileType = sourcecode.cpp.cpp; path = pythonterminalview.cpp; sourceTree = "<group>"; };
		67CC93691029332E000657AB /* pythonterminalview.h */ = {isa = PBXFileReference; fileEncoding = 4; lastKnownFileType = sourcecode.c.h; path = pythonterminalview.h; sourceTree = "<group>"; };
		67CC936A1029332E000657AB /* pythonterminalview.moc.cpp */ = {isa = PBXFileReference; fileEncoding = 4; lastKnownFileType = sourcecode.cpp.cpp; path = pythonterminalview.moc.cpp; sourceTree = "<group>"; };
		67CC936B1029332F000657AB /* resources.qrc */ = {isa = PBXFileReference; fileEncoding = 4; lastKnownFileType = text; path = resources.qrc; sourceTree = "<group>"; };
		67CC936C1029332F000657AB /* resources.rcc.cpp */ = {isa = PBXFileReference; fileEncoding = 4; lastKnownFileType = sourcecode.cpp.cpp; path = resources.rcc.cpp; sourceTree = "<group>"; };
		67CC936D1029332F000657AB /* runqueuemonitor.cpp */ = {isa = PBXFileReference; fileEncoding = 4; lastKnownFileType = sourcecode.cpp.cpp; path = runqueuemonitor.cpp; sourceTree = "<group>"; };
		67CC936E1029332F000657AB /* runqueuemonitor.h */ = {isa = PBXFileReference; fileEncoding = 4; lastKnownFileType = sourcecode.c.h; path = runqueuemonitor.h; sourceTree = "<group>"; };
		67CC936F1029332F000657AB /* runqueuemonitor.moc.cpp */ = {isa = PBXFileReference; fileEncoding = 4; lastKnownFileType = sourcecode.cpp.cpp; path = runqueuemonitor.moc.cpp; sourceTree = "<group>"; };
		67CC93701029332F000657AB /* runtimemodel.cpp */ = {isa = PBXFileReference; fileEncoding = 4; lastKnownFileType = sourcecode.cpp.cpp; path = runtimemodel.cpp; sourceTree = "<group>"; };
		67CC93711029332F000657AB /* runtimemodel.h */ = {isa = PBXFileReference; fileEncoding = 4; lastKnownFileType = sourcecode.c.h; path = runtimemodel.h; sourceTree = "<group>"; };
		67CC93721029332F000657AB /* runtimemodel.moc.cpp */ = {isa = PBXFileReference; fileEncoding = 4; lastKnownFileType = sourcecode.cpp.cpp; path = runtimemodel.moc.cpp; sourceTree = "<group>"; };
		67CC93731029332F000657AB /* searchwidget.cpp */ = {isa = PBXFileReference; fileEncoding = 4; lastKnownFileType = sourcecode.cpp.cpp; path = searchwidget.cpp; sourceTree = "<group>"; };
		67CC93741029332F000657AB /* searchwidget.h */ = {isa = PBXFileReference; fileEncoding = 4; lastKnownFileType = sourcecode.c.h; path = searchwidget.h; sourceTree = "<group>"; };
		67CC93751029332F000657AB /* searchwidget.moc.cpp */ = {isa = PBXFileReference; fileEncoding = 4; lastKnownFileType = sourcecode.cpp.cpp; path = searchwidget.moc.cpp; sourceTree = "<group>"; };
		67CC93761029332F000657AB /* symbolmodel.cpp */ = {isa = PBXFileReference; fileEncoding = 4; lastKnownFileType = sourcecode.cpp.cpp; path = symbolmodel.cpp; sourceTree = "<group>"; };
		67CC93771029332F000657AB /* symbolmodel.h */ = {isa = PBXFileReference; fileEncoding = 4; lastKnownFileType = sourcecode.c.h; path = symbolmodel.h; sourceTree = "<group>"; };
		67CC93781029332F000657AB /* symbolview.cpp */ = {isa = PBXFileReference; fileEncoding = 4; lastKnownFileType = sourcecode.cpp.cpp; path = symbolview.cpp; sourceTree = "<group>"; };
		67CC93791029332F000657AB /* symbolview.h */ = {isa = PBXFileReference; fileEncoding = 4; lastKnownFileType = sourcecode.c.h; path = symbolview.h; sourceTree = "<group>"; };
		67CC937A1029332F000657AB /* run_queue.cpp */ = {isa = PBXFileReference; fileEncoding = 4; lastKnownFileType = sourcecode.cpp.cpp; path = run_queue.cpp; sourceTree = "<group>"; };
		67CC937B1029332F000657AB /* run_queue.h */ = {isa = PBXFileReference; fileEncoding = 4; lastKnownFileType = sourcecode.c.h; path = run_queue.h; sourceTree = "<group>"; };
		67CC937C1029332F000657AB /* search.cpp */ = {isa = PBXFileReference; fileEncoding = 4; lastKnownFileType = sourcecode.cpp.cpp; path = search.cpp; sourceTree = "<group>"; };
		67CC937D1029332F000657AB /* search.h */ = {isa = PBXFileReference; fileEncoding = 4; lastKnownFileType = sourcecode.c.h; path = search.h; sourceTree = "<group>"; };
		67CC937E1029332F000657AB /* stringconstant.cpp */ = {isa = PBXFileReference; fileEncoding = 4; lastKnownFileType = sourcecode.cpp.cpp; path = stringconstant.cpp; sourceTree = "<group>"; };
		67CC937F1029332F000657AB /* stringconstant.h */ = {isa = PBXFileReference; fileEncoding = 4; lastKnownFileType = sourcecode.c.h; path = stringconstant.h; sourceTree = "<group>"; };
		67CC93801029332F000657AB /* symbol_analysis.cpp */ = {isa = PBXFileReference; fileEncoding = 4; lastKnownFileType = sourcecode.cpp.cpp; path = symbol_analysis.cpp; sourceTree = "<group>"; };
		67CC93811029332F000657AB /* symbol_analysis.h */ = {isa = PBXFileReference; fileEncoding = 4; lastKnownFileType = sourcecode.c.h; path = symbol_analysis.h; sourceTree = "<group>"; };
		67CC93821029332F000657AB /* symlist.cpp */ = {isa = PBXFileReference; fileEncoding = 4; lastKnownFileType = sourcecode.cpp.cpp; path = symlist.cpp; sourceTree = "<group>"; };
		67CC93831029332F000657AB /* symlist.h */ = {isa = PBXFileReference; fileEncoding = 4; lastKnownFileType = sourcecode.c.h; path = symlist.h; sourceTree = "<group>"; };
		67CC93851029332F000657AB /* db26331369b93f64788eb61dc0691cf7.bin */ = {isa = PBXFileReference; lastKnownFileType = archive.macbinary; path = db26331369b93f64788eb61dc0691cf7.bin; sourceTree = "<group>"; };
		67CC93871029332F000657AB /* trace_sym.cpp */ = {isa = PBXFileReference; fileEncoding = 4; lastKnownFileType = sourcecode.cpp.cpp; path = trace_sym.cpp; sourceTree = "<group>"; };
		67CC93881029332F000657AB /* types.h */ = {isa = PBXFileReference; fileEncoding = 4; lastKnownFileType = sourcecode.c.h; path = types.h; sourceTree = "<group>"; };
		67CC93891029332F000657AB /* xmlbzip2_fileio.cpp */ = {isa = PBXFileReference; fileEncoding = 4; lastKnownFileType = sourcecode.cpp.cpp; path = xmlbzip2_fileio.cpp; sourceTree = "<group>"; };
		67CC938A1029332F000657AB /* xmlbzip2_fileio.h */ = {isa = PBXFileReference; fileEncoding = 4; lastKnownFileType = sourcecode.c.h; path = xmlbzip2_fileio.h; sourceTree = "<group>"; };
		67CC938B1029332F000657AB /* xref.cpp */ = {isa = PBXFileReference; fileEncoding = 4; lastKnownFileType = sourcecode.cpp.cpp; path = xref.cpp; sourceTree = "<group>"; };
		67CC938C1029332F000657AB /* xref.h */ = {isa = PBXFileReference; fileEncoding = 4; lastKnownFileType = sourcecode.c.h; path = xref.h; sourceTree = "<group>"; };
		67CC938D1029332F000657AB /* xrefmanager.cpp */ = {isa = PBXFileReference; fileEncoding = 4; lastKnownFileType = sourcecode.cpp.cpp; path = xrefmanager.cpp; sourceTree = "<group>"; };
		67CC938E1029332F000657AB /* xrefmanager.h */ = {isa = PBXFileReference; fileEncoding = 4; lastKnownFileType = sourcecode.c.h; path = xrefmanager.h; sourceTree = "<group>"; };
/* End PBXFileReference section */

/* Begin PBXGroup section */
		08FB7794FE84155DC02AAC07 /* armtrace */ = {
			isa = PBXGroup;
			children = (
				67CC922E1029332E000657AB /* abstractdata.h */,
				67CC922F1029332E000657AB /* address.cpp */,
				67CC92301029332E000657AB /* address.h */,
				67CC92311029332E000657AB /* app.s */,
				67CC92321029332E000657AB /* app_main.cpp */,
				67CC92331029332E000657AB /* app_main.h */,
				67CC92341029332E000657AB /* arch */,
				67CC923D1029332E000657AB /* architecture.h */,
				67CC923E1029332E000657AB /* binaryconstant.cpp */,
				67CC923F1029332E000657AB /* binaryconstant.h */,
				67CC92401029332E000657AB /* build */,
				67CC92E61029332E000657AB /* callback.h */,
				67CC92E71029332E000657AB /* codeblock.cpp */,
				67CC92E81029332E000657AB /* codeblock.h */,
				67CC92E91029332E000657AB /* comment.cpp */,
				67CC92EA1029332E000657AB /* comment.h */,
				67CC92EB1029332E000657AB /* configure */,
				67CC92EC1029332E000657AB /* contrib */,
				67CC92EF1029332E000657AB /* datatype.h */,
				67CC92F01029332E000657AB /* datatypereg.cpp */,
				67CC92F11029332E000657AB /* datatypereg.h */,
				67CC92F21029332E000657AB /* dismember-Info.plist */,
				67CC92F31029332E000657AB /* dismember.mk */,
				67CC92F41029332E000657AB /* document.cpp */,
				67CC92F51029332E000657AB /* document.h */,
				67CC92F61029332E000657AB /* Doxyfile */,
				67CC92F71029332E000657AB /* endian_util.h */,
				67CC92F81029332E000657AB /* exception.cpp */,
				67CC92F91029332E000657AB /* exception.h */,
				67CC92FA1029332E000657AB /* guidialog.h */,
				67CC92FB1029332E000657AB /* hash_map.h */,
				67CC92FC1029332E000657AB /* i_memlocdata.cpp */,
				67CC92FD1029332E000657AB /* i_memlocdata.h */,
				67CC92FE1029332E000657AB /* i_projectmodel.cpp */,
				67CC92FF1029332E000657AB /* i_projectmodel.h */,
				67CC93001029332E000657AB /* instruction.cpp */,
				67CC93011029332E000657AB /* instruction.h */,
				67CC93021029332E000657AB /* loaders */,
				67CC93151029332E000657AB /* Makefile */,
				67CC93161029332E000657AB /* Makefile.generic */,
				67CC93171029332E000657AB /* Makefile.macosx */,
				67CC93181029332E000657AB /* memlocmanager.cpp */,
				67CC93191029332E000657AB /* memlocmanager.h */,
				67CC931A1029332E000657AB /* memorymodel */,
				67CC93201029332E000657AB /* memsegment.cpp */,
				67CC93211029332E000657AB /* memsegment.h */,
				67CC93221029332E000657AB /* memsegmentmanager.cpp */,
				67CC93231029332E000657AB /* memsegmentmanager.h */,
				67CC93241029332E000657AB /* program_flow_analysis.cpp */,
				67CC93251029332E000657AB /* program_flow_analysis.h */,
				67CC93261029332E000657AB /* python_embed */,
				67CC93371029332E000657AB /* pythonsrc */,
				67CC93431029332E000657AB /* qt */,
				67CC937A1029332F000657AB /* run_queue.cpp */,
				67CC937B1029332F000657AB /* run_queue.h */,
				67CC937C1029332F000657AB /* search.cpp */,
				67CC937D1029332F000657AB /* search.h */,
				67CC937E1029332F000657AB /* stringconstant.cpp */,
				67CC937F1029332F000657AB /* stringconstant.h */,
				67CC93801029332F000657AB /* symbol_analysis.cpp */,
				67CC93811029332F000657AB /* symbol_analysis.h */,
				67CC93821029332F000657AB /* symlist.cpp */,
				67CC93831029332F000657AB /* symlist.h */,
				67CC93841029332F000657AB /* testfiles */,
				67CC93861029332F000657AB /* tests */,
				67CC93881029332F000657AB /* types.h */,
				67CC93891029332F000657AB /* xmlbzip2_fileio.cpp */,
				67CC938A1029332F000657AB /* xmlbzip2_fileio.h */,
				67CC938B1029332F000657AB /* xref.cpp */,
				67CC938C1029332F000657AB /* xref.h */,
				67CC938D1029332F000657AB /* xrefmanager.cpp */,
				67CC938E1029332F000657AB /* xrefmanager.h */,
				67CD5B9E0D284D00003B72E8 /* Products */,
			);
			name = armtrace;
			sourceTree = "<group>";
		};
		67CC92341029332E000657AB /* arch */ = {
			isa = PBXGroup;
			children = (
				67CC92351029332E000657AB /* arm */,
				67CC923C1029332E000657AB /* module.mk */,
			);
			path = arch;
			sourceTree = "<group>";
		};
		67CC92351029332E000657AB /* arm */ = {
			isa = PBXGroup;
			children = (
				67CC92361029332E000657AB /* arm.h */,
				67CC92371029332E000657AB /* arm_arch.cpp */,
				67CC92381029332E000657AB /* arm_instruction.cpp */,
				67CC92391029332E000657AB /* arm_instruction.h */,
				67CC923A1029332E000657AB /* dec_op.cpp */,
				67CC923B1029332E000657AB /* disasm.cpp */,
			);
			path = arm;
			sourceTree = "<group>";
		};
		67CC92401029332E000657AB /* build */ = {
			isa = PBXGroup;
			children = (
				67CC92411029332E000657AB /* address.d */,
				67CC92421029332E000657AB /* address.o */,
				67CC92431029332E000657AB /* app_main.d */,
				67CC92441029332E000657AB /* app_main.o */,
				67CC92451029332E000657AB /* arch */,
				67CC924F1029332E000657AB /* binaryconstant.d */,
				67CC92501029332E000657AB /* binaryconstant.o */,
				67CC92511029332E000657AB /* codeblock.d */,
				67CC92521029332E000657AB /* codeblock.o */,
				67CC92531029332E000657AB /* comment.d */,
				67CC92541029332E000657AB /* comment.o */,
				67CC92551029332E000657AB /* datatypereg.d */,
				67CC92561029332E000657AB /* datatypereg.o */,
				67CC92571029332E000657AB /* dismember */,
				67CC92581029332E000657AB /* dismember.build */,
				67CC92671029332E000657AB /* document.d */,
				67CC92681029332E000657AB /* document.o */,
				67CC92691029332E000657AB /* exception.d */,
				67CC926A1029332E000657AB /* exception.o */,
				67CC926B1029332E000657AB /* i_memlocdata.d */,
				67CC926C1029332E000657AB /* i_memlocdata.o */,
				67CC926D1029332E000657AB /* i_projectmodel.d */,
				67CC926E1029332E000657AB /* i_projectmodel.o */,
				67CC926F1029332E000657AB /* instruction.d */,
				67CC92701029332E000657AB /* instruction.o */,
				67CC92711029332E000657AB /* loaders */,
				67CC92861029332E000657AB /* memlocmanager.d */,
				67CC92871029332E000657AB /* memlocmanager.o */,
				67CC92881029332E000657AB /* memorymodel */,
				67CC928D1029332E000657AB /* memsegment.d */,
				67CC928E1029332E000657AB /* memsegment.o */,
				67CC928F1029332E000657AB /* memsegmentmanager.d */,
				67CC92901029332E000657AB /* memsegmentmanager.o */,
				67CC92911029332E000657AB /* program_flow_analysis.d */,
				67CC92921029332E000657AB /* program_flow_analysis.o */,
				67CC92931029332E000657AB /* python_embed */,
				67CC92AB1029332E000657AB /* qt */,
				67CC92D81029332E000657AB /* run_queue.d */,
				67CC92D91029332E000657AB /* run_queue.o */,
				67CC92DA1029332E000657AB /* search.d */,
				67CC92DB1029332E000657AB /* search.o */,
				67CC92DC1029332E000657AB /* stringconstant.d */,
				67CC92DD1029332E000657AB /* stringconstant.o */,
				67CC92DE1029332E000657AB /* symbol_analysis.d */,
				67CC92DF1029332E000657AB /* symbol_analysis.o */,
				67CC92E01029332E000657AB /* symlist.d */,
				67CC92E11029332E000657AB /* symlist.o */,
				67CC92E21029332E000657AB /* xref.d */,
				67CC92E31029332E000657AB /* xref.o */,
				67CC92E41029332E000657AB /* xrefmanager.d */,
				67CC92E51029332E000657AB /* xrefmanager.o */,
			);
			path = build;
			sourceTree = "<group>";
		};
		67CC92451029332E000657AB /* arch */ = {
			isa = PBXGroup;
			children = (
				67CC92461029332E000657AB /* arm */,
			);
			path = arch;
			sourceTree = "<group>";
		};
		67CC92461029332E000657AB /* arm */ = {
			isa = PBXGroup;
			children = (
				67CC92471029332E000657AB /* arm_arch.d */,
				67CC92481029332E000657AB /* arm_arch.o */,
				67CC92491029332E000657AB /* arm_instruction.d */,
				67CC924A1029332E000657AB /* arm_instruction.o */,
				67CC924B1029332E000657AB /* dec_op.d */,
				67CC924C1029332E000657AB /* dec_op.o */,
				67CC924D1029332E000657AB /* disasm.d */,
				67CC924E1029332E000657AB /* disasm.o */,
			);
			path = arm;
			sourceTree = "<group>";
		};
		67CC92581029332E000657AB /* dismember.build */ = {
			isa = PBXGroup;
			children = (
				67CC92591029332E000657AB /* dismember.pbxindex */,
			);
			path = dismember.build;
			sourceTree = "<group>";
		};
		67CC92591029332E000657AB /* dismember.pbxindex */ = {
			isa = PBXGroup;
			children = (
				67CC925A1029332E000657AB /* categories.pbxbtree */,
				67CC925B1029332E000657AB /* cdecls.pbxbtree */,
				67CC925C1029332E000657AB /* decls.pbxbtree */,
				67CC925D1029332E000657AB /* files.pbxbtree */,
				67CC925E1029332E000657AB /* imports.pbxbtree */,
				67CC925F1029332E000657AB /* pbxindex.header */,
				67CC92601029332E000657AB /* protocols.pbxbtree */,
				67CC92611029332E000657AB /* refs.pbxbtree */,
				67CC92621029332E000657AB /* strings.pbxstrings */,
				67CC92651029332E000657AB /* subclasses.pbxbtree */,
				67CC92661029332E000657AB /* symbols0.pbxsymbols */,
			);
			path = dismember.pbxindex;
			sourceTree = "<group>";
		};
		67CC92621029332E000657AB /* strings.pbxstrings */ = {
			isa = PBXGroup;
			children = (
				67CC92631029332E000657AB /* control */,
				67CC92641029332E000657AB /* strings */,
			);
			path = strings.pbxstrings;
			sourceTree = "<group>";
		};
		67CC92711029332E000657AB /* loaders */ = {
			isa = PBXGroup;
			children = (
				67CC92721029332E000657AB /* bflt */,
				67CC92751029332E000657AB /* binary */,
				67CC92781029332E000657AB /* elf */,
				67CC927B1029332E000657AB /* hex */,
				67CC927E1029332E000657AB /* loaderfactory.d */,
				67CC927F1029332E000657AB /* loaderfactory.o */,
				67CC92801029332E000657AB /* mach-o */,
				67CC92831029332E000657AB /* s19 */,
			);
			path = loaders;
			sourceTree = "<group>";
		};
		67CC92721029332E000657AB /* bflt */ = {
			isa = PBXGroup;
			children = (
				67CC92731029332E000657AB /* bflt.d */,
				67CC92741029332E000657AB /* bflt.o */,
			);
			path = bflt;
			sourceTree = "<group>";
		};
		67CC92751029332E000657AB /* binary */ = {
			isa = PBXGroup;
			children = (
				67CC92761029332E000657AB /* binary.d */,
				67CC92771029332E000657AB /* binary.o */,
			);
			path = binary;
			sourceTree = "<group>";
		};
		67CC92781029332E000657AB /* elf */ = {
			isa = PBXGroup;
			children = (
				67CC92791029332E000657AB /* elf.d */,
				67CC927A1029332E000657AB /* elf.o */,
			);
			path = elf;
			sourceTree = "<group>";
		};
		67CC927B1029332E000657AB /* hex */ = {
			isa = PBXGroup;
			children = (
				67CC927C1029332E000657AB /* hexloader.d */,
				67CC927D1029332E000657AB /* hexloader.o */,
			);
			path = hex;
			sourceTree = "<group>";
		};
		67CC92801029332E000657AB /* mach-o */ = {
			isa = PBXGroup;
			children = (
				67CC92811029332E000657AB /* mach-o.d */,
				67CC92821029332E000657AB /* mach-o.o */,
			);
			path = "mach-o";
			sourceTree = "<group>";
		};
		67CC92831029332E000657AB /* s19 */ = {
			isa = PBXGroup;
			children = (
				67CC92841029332E000657AB /* s19loader.d */,
				67CC92851029332E000657AB /* s19loader.o */,
			);
			path = s19;
			sourceTree = "<group>";
		};
		67CC92881029332E000657AB /* memorymodel */ = {
			isa = PBXGroup;
			children = (
				67CC92891029332E000657AB /* memlocdata.d */,
				67CC928A1029332E000657AB /* memlocdata.o */,
				67CC928B1029332E000657AB /* memorybackedprojectmodel.d */,
				67CC928C1029332E000657AB /* memorybackedprojectmodel.o */,
			);
			path = memorymodel;
			sourceTree = "<group>";
		};
		67CC92931029332E000657AB /* python_embed */ = {
			isa = PBXGroup;
			children = (
				67CC92941029332E000657AB /* bindings */,
				67CC92A71029332E000657AB /* globalpythoninterpreter.d */,
				67CC92A81029332E000657AB /* globalpythoninterpreter.o */,
				67CC92A91029332E000657AB /* localpythoninterpreter.d */,
				67CC92AA1029332E000657AB /* localpythoninterpreter.o */,
			);
			path = python_embed;
			sourceTree = "<group>";
		};
		67CC92941029332E000657AB /* bindings */ = {
			isa = PBXGroup;
			children = (
				67CC92951029332E000657AB /* bind_analysis.d */,
				67CC92961029332E000657AB /* bind_analysis.o */,
				67CC92971029332E000657AB /* bind_arch.d */,
				67CC92981029332E000657AB /* bind_arch.o */,
				67CC92991029332E000657AB /* bind_codeblocks.d */,
				67CC929A1029332E000657AB /* bind_codeblocks.o */,
				67CC929B1029332E000657AB /* bind_datatype.d */,
				67CC929C1029332E000657AB /* bind_datatype.o */,
				67CC929D1029332E000657AB /* bind_document.d */,
				67CC929E1029332E000657AB /* bind_document.o */,
				67CC929F1029332E000657AB /* bind_runqueue.d */,
				67CC92A01029332E000657AB /* bind_runqueue.o */,
				67CC92A11029332E000657AB /* bind_trace.d */,
				67CC92A21029332E000657AB /* bind_trace.o */,
				67CC92A31029332E000657AB /* bind_types.d */,
				67CC92A41029332E000657AB /* bind_types.o */,
				67CC92A51029332E000657AB /* bindings.d */,
				67CC92A61029332E000657AB /* bindings.o */,
			);
			path = bindings;
			sourceTree = "<group>";
		};
		67CC92AB1029332E000657AB /* qt */ = {
			isa = PBXGroup;
			children = (
				67CC92AC1029332E000657AB /* application.d */,
				67CC92AD1029332E000657AB /* application.moc.d */,
				67CC92AE1029332E000657AB /* application.moc.o */,
				67CC92AF1029332E000657AB /* application.o */,
				67CC92B01029332E000657AB /* codemodel.d */,
				67CC92B11029332E000657AB /* codemodel.o */,
				67CC92B21029332E000657AB /* codeview.d */,
				67CC92B31029332E000657AB /* codeview.o */,
				67CC92B41029332E000657AB /* datatypeview.d */,
				67CC92B51029332E000657AB /* datatypeview.o */,
				67CC92B61029332E000657AB /* dataview.d */,
				67CC92B71029332E000657AB /* dataview.o */,
				67CC92B81029332E000657AB /* dialog.d */,
				67CC92B91029332E000657AB /* dialog.o */,
				67CC92BA1029332E000657AB /* guiglue.d */,
				67CC92BB1029332E000657AB /* guiglue.o */,
				67CC92BC1029332E000657AB /* guiproxy.d */,
				67CC92BD1029332E000657AB /* guiproxy.o */,
				67CC92BE1029332E000657AB /* main.d */,
				67CC92BF1029332E000657AB /* main.o */,
				67CC92C01029332E000657AB /* multilinedialog.d */,
				67CC92C11029332E000657AB /* multilinedialog.o */,
				67CC92C21029332E000657AB /* pythonterminalview.d */,
				67CC92C31029332E000657AB /* pythonterminalview.moc.d */,
				67CC92C41029332E000657AB /* pythonterminalview.moc.o */,
				67CC92C51029332E000657AB /* pythonterminalview.o */,
				67CC92C61029332E000657AB /* resources.rcc.d */,
				67CC92C71029332E000657AB /* resources.rcc.o */,
				67CC92C81029332E000657AB /* runqueuemonitor.d */,
				67CC92C91029332E000657AB /* runqueuemonitor.moc.d */,
				67CC92CA1029332E000657AB /* runqueuemonitor.moc.o */,
				67CC92CB1029332E000657AB /* runqueuemonitor.o */,
				67CC92CC1029332E000657AB /* runtimemodel.d */,
				67CC92CD1029332E000657AB /* runtimemodel.moc.d */,
				67CC92CE1029332E000657AB /* runtimemodel.moc.o */,
				67CC92CF1029332E000657AB /* runtimemodel.o */,
				67CC92D01029332E000657AB /* searchwidget.d */,
				67CC92D11029332E000657AB /* searchwidget.moc.d */,
				67CC92D21029332E000657AB /* searchwidget.moc.o */,
				67CC92D31029332E000657AB /* searchwidget.o */,
				67CC92D41029332E000657AB /* symbolmodel.d */,
				67CC92D51029332E000657AB /* symbolmodel.o */,
				67CC92D61029332E000657AB /* symbolview.d */,
				67CC92D71029332E000657AB /* symbolview.o */,
			);
			path = qt;
			sourceTree = "<group>";
		};
		67CC92EC1029332E000657AB /* contrib */ = {
			isa = PBXGroup;
			children = (
				67CC92ED1029332E000657AB /* base64.cpp */,
				67CC92EE1029332E000657AB /* base64.h */,
			);
			path = contrib;
			sourceTree = "<group>";
		};
		67CC93021029332E000657AB /* loaders */ = {
			isa = PBXGroup;
			children = (
				67CC93031029332E000657AB /* bflt */,
				67CC93051029332E000657AB /* binary */,
				67CC93071029332E000657AB /* elf */,
				67CC930B1029332E000657AB /* hex */,
				67CC930D1029332E000657AB /* loader.mk */,
				67CC930E1029332E000657AB /* loaderfactory.cpp */,
				67CC930F1029332E000657AB /* loaderfactory.h */,
				67CC93101029332E000657AB /* mach-o */,
				67CC93121029332E000657AB /* module.mk */,
				67CC93131029332E000657AB /* s19 */,
			);
			path = loaders;
			sourceTree = "<group>";
		};
		67CC93031029332E000657AB /* bflt */ = {
			isa = PBXGroup;
			children = (
				67CC93041029332E000657AB /* bflt.cpp */,
			);
			path = bflt;
			sourceTree = "<group>";
		};
		67CC93051029332E000657AB /* binary */ = {
			isa = PBXGroup;
			children = (
				67CC93061029332E000657AB /* binary.cpp */,
			);
			path = binary;
			sourceTree = "<group>";
		};
		67CC93071029332E000657AB /* elf */ = {
			isa = PBXGroup;
			children = (
				67CC93081029332E000657AB /* elf.cpp */,
				67CC93091029332E000657AB /* elf32.h */,
				67CC930A1029332E000657AB /* elf_common.h */,
			);
			path = elf;
			sourceTree = "<group>";
		};
		67CC930B1029332E000657AB /* hex */ = {
			isa = PBXGroup;
			children = (
				67CC930C1029332E000657AB /* hexloader.cpp */,
			);
			path = hex;
			sourceTree = "<group>";
		};
		67CC93101029332E000657AB /* mach-o */ = {
			isa = PBXGroup;
			children = (
				67CC93111029332E000657AB /* mach-o.cpp */,
			);
			path = "mach-o";
			sourceTree = "<group>";
		};
		67CC93131029332E000657AB /* s19 */ = {
			isa = PBXGroup;
			children = (
				67CC93141029332E000657AB /* s19loader.cpp */,
			);
			path = s19;
			sourceTree = "<group>";
		};
		67CC931A1029332E000657AB /* memorymodel */ = {
			isa = PBXGroup;
			children = (
				67CC931B1029332E000657AB /* memlocdata.cpp */,
				67CC931C1029332E000657AB /* memlocdata.h */,
				67CC931D1029332E000657AB /* memorybackedprojectmodel.cpp */,
				67CC931E1029332E000657AB /* memorybackedprojectmodel.h */,
				67CC931F1029332E000657AB /* module.mk */,
			);
			path = memorymodel;
			sourceTree = "<group>";
		};
		67CC93261029332E000657AB /* python_embed */ = {
			isa = PBXGroup;
			children = (
				67CC93271029332E000657AB /* bindings */,
				67CC93321029332E000657AB /* globalpythoninterpreter.cpp */,
				67CC93331029332E000657AB /* globalpythoninterpreter.h */,
				67CC93341029332E000657AB /* localpythoninterpreter.cpp */,
				67CC93351029332E000657AB /* localpythoninterpreter.h */,
				67CC93361029332E000657AB /* module.mk */,
			);
			path = python_embed;
			sourceTree = "<group>";
		};
		67CC93271029332E000657AB /* bindings */ = {
			isa = PBXGroup;
			children = (
				67CC93281029332E000657AB /* bind_analysis.cpp */,
				67CC93291029332E000657AB /* bind_arch.cpp */,
				67CC932A1029332E000657AB /* bind_codeblocks.cpp */,
				67CC932B1029332E000657AB /* bind_datatype.cpp */,
				67CC932C1029332E000657AB /* bind_document.cpp */,
				67CC932D1029332E000657AB /* bind_runqueue.cpp */,
				67CC932E1029332E000657AB /* bind_trace.cpp */,
				67CC932F1029332E000657AB /* bind_types.cpp */,
				67CC93301029332E000657AB /* bindings.cpp */,
				67CC93311029332E000657AB /* bindings.h */,
			);
			path = bindings;
			sourceTree = "<group>";
		};
		67CC93371029332E000657AB /* pythonsrc */ = {
			isa = PBXGroup;
			children = (
				67CC93381029332E000657AB /* dismemauto.py */,
				67CC93391029332E000657AB /* dismemauto.pyc */,
				67CC933A1029332E000657AB /* dismember */,
			);
			path = pythonsrc;
			sourceTree = "<group>";
		};
		67CC933A1029332E000657AB /* dismember */ = {
			isa = PBXGroup;
			children = (
				67CC933B1029332E000657AB /* __init__.py */,
				67CC933C1029332E000657AB /* __init__.pyc */,
				67CC933D1029332E000657AB /* analysis_builtins */,
				67CC93401029332E000657AB /* datatype_builtins */,
			);
			path = dismember;
			sourceTree = "<group>";
		};
		67CC933D1029332E000657AB /* analysis_builtins */ = {
			isa = PBXGroup;
			children = (
				67CC933E1029332E000657AB /* __init__.py */,
				67CC933F1029332E000657AB /* __init__.pyc */,
			);
			path = analysis_builtins;
			sourceTree = "<group>";
		};
		67CC93401029332E000657AB /* datatype_builtins */ = {
			isa = PBXGroup;
			children = (
				67CC93411029332E000657AB /* __init__.py */,
				67CC93421029332E000657AB /* __init__.pyc */,
			);
			path = datatype_builtins;
			sourceTree = "<group>";
		};
		67CC93431029332E000657AB /* qt */ = {
			isa = PBXGroup;
			children = (
				67CC93441029332E000657AB /* application.cpp */,
				67CC93451029332E000657AB /* application.h */,
				67CC93461029332E000657AB /* application.moc.cpp */,
				67CC93471029332E000657AB /* application.ui */,
				67CC93481029332E000657AB /* application.ui.h */,
				67CC93491029332E000657AB /* codemodel.cpp */,
				67CC934A1029332E000657AB /* codemodel.h */,
				67CC934B1029332E000657AB /* codeview.cpp */,
				67CC934C1029332E000657AB /* codeview.h */,
				67CC934D1029332E000657AB /* datatypeview.cpp */,
				67CC934E1029332E000657AB /* datatypeview.h */,
				67CC934F1029332E000657AB /* dataview.cpp */,
				67CC93501029332E000657AB /* dataview.h */,
				67CC93511029332E000657AB /* dialog.cpp */,
				67CC93521029332E000657AB /* dialog.h */,
				67CC93531029332E000657AB /* guiglue.cpp */,
				67CC93541029332E000657AB /* guiglue.h */,
				67CC93551029332E000657AB /* guiproxy.cpp */,
				67CC93561029332E000657AB /* guiproxy.h */,
				67CC93571029332E000657AB /* icons */,
				67CC93631029332E000657AB /* main.cpp */,
				67CC93641029332E000657AB /* module.mk */,
				67CC93651029332E000657AB /* multilinedialog.cpp */,
				67CC93661029332E000657AB /* multilinedialog.h */,
				67CC93671029332E000657AB /* preferences.ui */,
				67CC93681029332E000657AB /* pythonterminalview.cpp */,
				67CC93691029332E000657AB /* pythonterminalview.h */,
				67CC936A1029332E000657AB /* pythonterminalview.moc.cpp */,
				67CC936B1029332F000657AB /* resources.qrc */,
				67CC936C1029332F000657AB /* resources.rcc.cpp */,
				67CC936D1029332F000657AB /* runqueuemonitor.cpp */,
				67CC936E1029332F000657AB /* runqueuemonitor.h */,
				67CC936F1029332F000657AB /* runqueuemonitor.moc.cpp */,
				67CC93701029332F000657AB /* runtimemodel.cpp */,
				67CC93711029332F000657AB /* runtimemodel.h */,
				67CC93721029332F000657AB /* runtimemodel.moc.cpp */,
				67CC93731029332F000657AB /* searchwidget.cpp */,
				67CC93741029332F000657AB /* searchwidget.h */,
				67CC93751029332F000657AB /* searchwidget.moc.cpp */,
				67CC93761029332F000657AB /* symbolmodel.cpp */,
				67CC93771029332F000657AB /* symbolmodel.h */,
				67CC93781029332F000657AB /* symbolview.cpp */,
				67CC93791029332F000657AB /* symbolview.h */,
			);
			path = qt;
			sourceTree = "<group>";
		};
		67CC93571029332E000657AB /* icons */ = {
			isa = PBXGroup;
			children = (
				67CC93581029332E000657AB /* arrow_refresh.png */,
				67CC93591029332E000657AB /* cake.png */,
				67CC935A1029332E000657AB /* cross.png */,
				67CC935B1029332E000657AB /* disk.png */,
				67CC935C1029332E000657AB /* door_in.png */,
				67CC935D1029332E000657AB /* drive_disk.png */,
				67CC935E1029332E000657AB /* folder_page.png */,
				67CC935F1029332E000657AB /* help.png */,
				67CC93601029332E000657AB /* page_white_magnify.png */,
				67CC93611029332E000657AB /* resultset_next.png */,
				67CC93621029332E000657AB /* resultset_previous.png */,
			);
			path = icons;
			sourceTree = "<group>";
		};
		67CC93841029332F000657AB /* testfiles */ = {
			isa = PBXGroup;
			children = (
				67CC93851029332F000657AB /* db26331369b93f64788eb61dc0691cf7.bin */,
			);
			path = testfiles;
			sourceTree = "<group>";
		};
		67CC93861029332F000657AB /* tests */ = {
			isa = PBXGroup;
			children = (
				67CC93871029332F000657AB /* trace_sym.cpp */,
			);
			path = tests;
			sourceTree = "<group>";
		};
		67CD5B9E0D284D00003B72E8 /* Products */ = {
			isa = PBXGroup;
			children = (
			);
			name = Products;
			sourceTree = "<group>";
		};
/* End PBXGroup section */

/* Begin PBXProject section */
		08FB7793FE84155DC02AAC07 /* Project object */ = {
			isa = PBXProject;
			buildConfigurationList = 1DEB919308733D9F0010E9CD /* Build configuration list for PBXProject "dismember" */;
			compatibilityVersion = "Xcode 2.4";
			hasScannedForEncodings = 1;
			mainGroup = 08FB7794FE84155DC02AAC07 /* armtrace */;
			productRefGroup = 67CD5B9E0D284D00003B72E8 /* Products */;
			projectDirPath = "";
			projectRoot = "";
			targets = (
			);
		};
/* End PBXProject section */

/* Begin XCBuildConfiguration section */
		1DEB919408733D9F0010E9CD /* Debug */ = {
			isa = XCBuildConfiguration;
			buildSettings = {
				GCC_WARN_ABOUT_RETURN_TYPE = YES;
				GCC_WARN_UNUSED_VARIABLE = YES;
				PREBINDING = NO;
				SDKROOT = /Developer/SDKs/MacOSX10.5.sdk;
			};
			name = Debug;
		};
		1DEB919508733D9F0010E9CD /* Release */ = {
			isa = XCBuildConfiguration;
			buildSettings = {
				GCC_WARN_ABOUT_RETURN_TYPE = YES;
				GCC_WARN_UNUSED_VARIABLE = YES;
				PREBINDING = NO;
				SDKROOT = /Developer/SDKs/MacOSX10.5.sdk;
			};
			name = Release;
		};
/* End XCBuildConfiguration section */

/* Begin XCConfigurationList section */
		1DEB919308733D9F0010E9CD /* Build configuration list for PBXProject "dismember" */ = {
			isa = XCConfigurationList;
			buildConfigurations = (
				1DEB919408733D9F0010E9CD /* Debug */,
				1DEB919508733D9F0010E9CD /* Release */,
			);
			defaultConfigurationIsVisible = 0;
			defaultConfigurationName = Release;
		};
/* End XCConfigurationList section */
	};
	rootObject = 08FB7793FE84155DC02AAC07 /* Project object */;
}
